
Microsoft Visual Studio Solution File, Format Version 11.00
# Visual Studio 2010
Project("{F184B08F-C81C-45F6-A57F-5ABD9991F28F}") = "MorroBot", "MorroBot\MorroBot.vbproj", "{4CE6C18C-059C-47CE-8083-524653D15DFE}"
EndProject
Global
	GlobalSection(SolutionConfigurationPlatforms) = preSolution
		Debug|x86 = Debug|x86
		Release|x86 = Release|x86
	EndGlobalSection
	GlobalSection(ProjectConfigurationPlatforms) = postSolution
		{4CE6C18C-059C-47CE-8083-524653D15DFE}.Debug|x86.ActiveCfg = Debug|x86
		{4CE6C18C-059C-47CE-8083-524653D15DFE}.Debug|x86.Build.0 = Debug|x86
		{4CE6C18C-059C-47CE-8083-524653D15DFE}.Release|x86.ActiveCfg = Release|x86
		{4CE6C18C-059C-47CE-8083-524653D15DFE}.Release|x86.Build.0 = Release|x86
	EndGlobalSection
	GlobalSection(SolutionProperties) = preSolution
		HideSolutionNode = FALSE
	EndGlobalSection
EndGlobal
